
Microsoft Visual Studio Solution File, Format Version 12.00
# Visual Studio Version 17
VisualStudioVersion = 17.7.34221.43
MinimumVisualStudioVersion = 10.0.40219.1
Project("{FAE04EC0-301F-11D3-BF4B-00C04F79EFBC}") = "ConAppAS24", "ConAppAS24\ConAppAS24.csproj", "{1CE7E818-53BD-4E20-AE05-299D44BB2FBB}"
EndProject
Global
	GlobalSection(SolutionConfigurationPlatforms) = preSolution
		Debug|Any CPU = Debug|Any CPU
		Release|Any CPU = Release|Any CPU
	EndGlobalSection
	GlobalSection(ProjectConfigurationPlatforms) = postSolution
		{1CE7E818-53BD-4E20-AE05-299D44BB2FBB}.Debug|Any CPU.ActiveCfg = Debug|Any CPU
		{1CE7E818-53BD-4E20-AE05-299D44BB2FBB}.Debug|Any CPU.Build.0 = Debug|Any CPU
		{1CE7E818-53BD-4E20-AE05-299D44BB2FBB}.Release|Any CPU.ActiveCfg = Release|Any CPU
		{1CE7E818-53BD-4E20-AE05-299D44BB2FBB}.Release|Any CPU.Build.0 = Release|Any CPU
	EndGlobalSection
	GlobalSection(SolutionProperties) = preSolution
		HideSolutionNode = FALSE
	EndGlobalSection
	GlobalSection(ExtensibilityGlobals) = postSolution
		SolutionGuid = {BAD2223F-29AF-446B-BEBC-B8E60DE06458}
	EndGlobalSection
EndGlobal
