
Microsoft Visual Studio Solution File, Format Version 12.00
# Visual Studio Version 17
VisualStudioVersion = 17.7.34221.43
MinimumVisualStudioVersion = 10.0.40219.1
Project("{FAE04EC0-301F-11D3-BF4B-00C04F79EFBC}") = "ConAppAS10", "ConAppAS10\ConAppAS10.csproj", "{B55C51DD-0484-4287-9DB5-AD57C1C83686}"
EndProject
Global
	GlobalSection(SolutionConfigurationPlatforms) = preSolution
		Debug|Any CPU = Debug|Any CPU
		Release|Any CPU = Release|Any CPU
	EndGlobalSection
	GlobalSection(ProjectConfigurationPlatforms) = postSolution
		{B55C51DD-0484-4287-9DB5-AD57C1C83686}.Debug|Any CPU.ActiveCfg = Debug|Any CPU
		{B55C51DD-0484-4287-9DB5-AD57C1C83686}.Debug|Any CPU.Build.0 = Debug|Any CPU
		{B55C51DD-0484-4287-9DB5-AD57C1C83686}.Release|Any CPU.ActiveCfg = Release|Any CPU
		{B55C51DD-0484-4287-9DB5-AD57C1C83686}.Release|Any CPU.Build.0 = Release|Any CPU
	EndGlobalSection
	GlobalSection(SolutionProperties) = preSolution
		HideSolutionNode = FALSE
	EndGlobalSection
	GlobalSection(ExtensibilityGlobals) = postSolution
		SolutionGuid = {973BACE6-568E-4074-B217-7F82E243DFE7}
	EndGlobalSection
EndGlobal
