
Microsoft Visual Studio Solution File, Format Version 12.00
# Visual Studio Version 17
VisualStudioVersion = 17.7.34221.43
MinimumVisualStudioVersion = 10.0.40219.1
Project("{FAE04EC0-301F-11D3-BF4B-00C04F79EFBC}") = "Gaming", "Gaming\Gaming.csproj", "{33667757-4702-40B6-840E-F7CB49244B0F}"
EndProject
Global
	GlobalSection(SolutionConfigurationPlatforms) = preSolution
		Debug|Any CPU = Debug|Any CPU
		Release|Any CPU = Release|Any CPU
	EndGlobalSection
	GlobalSection(ProjectConfigurationPlatforms) = postSolution
		{33667757-4702-40B6-840E-F7CB49244B0F}.Debug|Any CPU.ActiveCfg = Debug|Any CPU
		{33667757-4702-40B6-840E-F7CB49244B0F}.Debug|Any CPU.Build.0 = Debug|Any CPU
		{33667757-4702-40B6-840E-F7CB49244B0F}.Release|Any CPU.ActiveCfg = Release|Any CPU
		{33667757-4702-40B6-840E-F7CB49244B0F}.Release|Any CPU.Build.0 = Release|Any CPU
	EndGlobalSection
	GlobalSection(SolutionProperties) = preSolution
		HideSolutionNode = FALSE
	EndGlobalSection
	GlobalSection(ExtensibilityGlobals) = postSolution
		SolutionGuid = {015B96E7-431E-4D39-99F7-5532F5497725}
	EndGlobalSection
EndGlobal
