
Microsoft Visual Studio Solution File, Format Version 12.00
# Visual Studio Version 17
VisualStudioVersion = 17.7.34221.43
MinimumVisualStudioVersion = 10.0.40219.1
Project("{FAE04EC0-301F-11D3-BF4B-00C04F79EFBC}") = "ConAppAS03", "ConAppAS03\ConAppAS03.csproj", "{61D93523-E900-489B-9BBE-5DEFB1D82F4A}"
EndProject
Global
	GlobalSection(SolutionConfigurationPlatforms) = preSolution
		Debug|Any CPU = Debug|Any CPU
		Release|Any CPU = Release|Any CPU
	EndGlobalSection
	GlobalSection(ProjectConfigurationPlatforms) = postSolution
		{61D93523-E900-489B-9BBE-5DEFB1D82F4A}.Debug|Any CPU.ActiveCfg = Debug|Any CPU
		{61D93523-E900-489B-9BBE-5DEFB1D82F4A}.Debug|Any CPU.Build.0 = Debug|Any CPU
		{61D93523-E900-489B-9BBE-5DEFB1D82F4A}.Release|Any CPU.ActiveCfg = Release|Any CPU
		{61D93523-E900-489B-9BBE-5DEFB1D82F4A}.Release|Any CPU.Build.0 = Release|Any CPU
	EndGlobalSection
	GlobalSection(SolutionProperties) = preSolution
		HideSolutionNode = FALSE
	EndGlobalSection
	GlobalSection(ExtensibilityGlobals) = postSolution
		SolutionGuid = {D6F564BA-752D-4C1F-91F7-8110F6A7DF1B}
	EndGlobalSection
EndGlobal
