
Microsoft Visual Studio Solution File, Format Version 12.00
# Visual Studio Version 17
VisualStudioVersion = 17.7.34221.43
MinimumVisualStudioVersion = 10.0.40219.1
Project("{FAE04EC0-301F-11D3-BF4B-00C04F79EFBC}") = "ConAppAS15", "ConAppAS15\ConAppAS15.csproj", "{33A1DBFA-6BDB-4722-BCFC-BAB1735CB97C}"
EndProject
Global
	GlobalSection(SolutionConfigurationPlatforms) = preSolution
		Debug|Any CPU = Debug|Any CPU
		Release|Any CPU = Release|Any CPU
	EndGlobalSection
	GlobalSection(ProjectConfigurationPlatforms) = postSolution
		{33A1DBFA-6BDB-4722-BCFC-BAB1735CB97C}.Debug|Any CPU.ActiveCfg = Debug|Any CPU
		{33A1DBFA-6BDB-4722-BCFC-BAB1735CB97C}.Debug|Any CPU.Build.0 = Debug|Any CPU
		{33A1DBFA-6BDB-4722-BCFC-BAB1735CB97C}.Release|Any CPU.ActiveCfg = Release|Any CPU
		{33A1DBFA-6BDB-4722-BCFC-BAB1735CB97C}.Release|Any CPU.Build.0 = Release|Any CPU
	EndGlobalSection
	GlobalSection(SolutionProperties) = preSolution
		HideSolutionNode = FALSE
	EndGlobalSection
	GlobalSection(ExtensibilityGlobals) = postSolution
		SolutionGuid = {27A1A511-528E-492C-868D-97597FCB0A60}
	EndGlobalSection
EndGlobal
