
Microsoft Visual Studio Solution File, Format Version 12.00
# Visual Studio Version 17
VisualStudioVersion = 17.7.34221.43
MinimumVisualStudioVersion = 10.0.40219.1
Project("{FAE04EC0-301F-11D3-BF4B-00C04F79EFBC}") = "ConAppAS04", "ConAppAS04\ConAppAS04.csproj", "{FE4995FC-E635-4D78-89D7-A9882484F0CF}"
EndProject
Global
	GlobalSection(SolutionConfigurationPlatforms) = preSolution
		Debug|Any CPU = Debug|Any CPU
		Release|Any CPU = Release|Any CPU
	EndGlobalSection
	GlobalSection(ProjectConfigurationPlatforms) = postSolution
		{FE4995FC-E635-4D78-89D7-A9882484F0CF}.Debug|Any CPU.ActiveCfg = Debug|Any CPU
		{FE4995FC-E635-4D78-89D7-A9882484F0CF}.Debug|Any CPU.Build.0 = Debug|Any CPU
		{FE4995FC-E635-4D78-89D7-A9882484F0CF}.Release|Any CPU.ActiveCfg = Release|Any CPU
		{FE4995FC-E635-4D78-89D7-A9882484F0CF}.Release|Any CPU.Build.0 = Release|Any CPU
	EndGlobalSection
	GlobalSection(SolutionProperties) = preSolution
		HideSolutionNode = FALSE
	EndGlobalSection
	GlobalSection(ExtensibilityGlobals) = postSolution
		SolutionGuid = {F7417DDA-B51E-46B0-9428-8B0EFB32605B}
	EndGlobalSection
EndGlobal
