
Microsoft Visual Studio Solution File, Format Version 12.00
# Visual Studio Version 17
VisualStudioVersion = 17.7.34221.43
MinimumVisualStudioVersion = 10.0.40219.1
Project("{FAE04EC0-301F-11D3-BF4B-00C04F79EFBC}") = "GamingLibrary", "GamingLibrary\GamingLibrary.csproj", "{A085D570-80DE-4877-B91B-84DA8448B071}"
EndProject
Global
	GlobalSection(SolutionConfigurationPlatforms) = preSolution
		Debug|Any CPU = Debug|Any CPU
		Release|Any CPU = Release|Any CPU
	EndGlobalSection
	GlobalSection(ProjectConfigurationPlatforms) = postSolution
		{A085D570-80DE-4877-B91B-84DA8448B071}.Debug|Any CPU.ActiveCfg = Debug|Any CPU
		{A085D570-80DE-4877-B91B-84DA8448B071}.Debug|Any CPU.Build.0 = Debug|Any CPU
		{A085D570-80DE-4877-B91B-84DA8448B071}.Release|Any CPU.ActiveCfg = Release|Any CPU
		{A085D570-80DE-4877-B91B-84DA8448B071}.Release|Any CPU.Build.0 = Release|Any CPU
	EndGlobalSection
	GlobalSection(SolutionProperties) = preSolution
		HideSolutionNode = FALSE
	EndGlobalSection
	GlobalSection(ExtensibilityGlobals) = postSolution
		SolutionGuid = {C129612A-FACE-43DD-85DD-538A420E0190}
	EndGlobalSection
EndGlobal
